<?xml version="1.0" encoding="utf-8"?>
<Project ToolsVersion="4.0" xmlns="http://schemas.microsoft.com/developer/msbuild/2003">
  <ItemGroup>
    <ClCompile Include="Application.cpp" />
    <ClCompile Include="log.cpp" />
    <ClCompile Include="Main.cpp" />
    <ClCompile Include="ModuleEditor.cpp" />
    <ClCompile Include="ModuleInput.cpp" />
    <ClCompile Include="ModuleOpenGL.cpp" />
    <ClCompile Include="ModuleWindow.cpp" />
    <ClCompile Include="imgui-docking\imgui.cpp">
      <Filter>imgui</Filter>
    </ClCompile>
    <ClCompile Include="imgui-docking\imgui_demo.cpp">
      <Filter>imgui</Filter>
    </ClCompile>
    <ClCompile Include="imgui-docking\imgui_draw.cpp">
      <Filter>imgui</Filter>
    </ClCompile>
    <ClCompile Include="imgui-docking\backends\imgui_impl_opengl3.cpp">
      <Filter>imgui</Filter>
    </ClCompile>
    <ClCompile Include="imgui-docking\backends\imgui_impl_sdl2.cpp">
      <Filter>imgui</Filter>
    </ClCompile>
    <ClCompile Include="imgui-docking\imgui_tables.cpp">
      <Filter>imgui</Filter>
    </ClCompile>
    <ClCompile Include="imgui-docking\imgui_widgets.cpp">
      <Filter>imgui</Filter>
    </ClCompile>
    <ClCompile Include="ModuleProgram.cpp" />
  </ItemGroup>
  <ItemGroup>
    <ClInclude Include="Application.h">
      <Filter>Headers</Filter>
    </ClInclude>
    <ClInclude Include="Dummy.h">
      <Filter>Headers</Filter>
    </ClInclude>
    <ClInclude Include="imgui-docking\imstb_truetype.h">
      <Filter>imgui</Filter>
    </ClInclude>
    <ClInclude Include="imgui-docking\imconfig.h">
      <Filter>imgui</Filter>
    </ClInclude>
    <ClInclude Include="imgui-docking\imgui.h">
      <Filter>imgui</Filter>
    </ClInclude>
    <ClInclude Include="imgui-docking\backends\imgui_impl_opengl3.h">
      <Filter>imgui</Filter>
    </ClInclude>
    <ClInclude Include="imgui-docking\backends\imgui_impl_opengl3_loader.h">
      <Filter>imgui</Filter>
    </ClInclude>
    <ClInclude Include="imgui-docking\backends\imgui_impl_sdl2.h">
      <Filter>imgui</Filter>
    </ClInclude>
    <ClInclude Include="imgui-docking\imgui_internal.h">
      <Filter>imgui</Filter>
    </ClInclude>
    <ClInclude Include="imgui-docking\imstb_rectpack.h">
      <Filter>imgui</Filter>
    </ClInclude>
    <ClInclude Include="imgui-docking\imstb_textedit.h">
      <Filter>imgui</Filter>
    </ClInclude>
    <ClInclude Include="Globals.h">
      <Filter>Headers</Filter>
    </ClInclude>
    <ClInclude Include="Module.h">
      <Filter>Headers</Filter>
    </ClInclude>
    <ClInclude Include="ModuleEditor.h">
      <Filter>Headers</Filter>
    </ClInclude>
    <ClInclude Include="ModuleInput.h">
      <Filter>Headers</Filter>
    </ClInclude>
    <ClInclude Include="ModuleOpenGL.h">
      <Filter>Headers</Filter>
    </ClInclude>
    <ClInclude Include="ModuleWindow.h">
      <Filter>Headers</Filter>
    </ClInclude>
    <ClInclude Include="ModuleProgram.h">
      <Filter>Headers</Filter>
    </ClInclude>
  </ItemGroup>
  <ItemGroup>
    <Filter Include="Headers">
      <UniqueIdentifier>{b64d8983-e464-4015-8e2d-ffad18097b28}</UniqueIdentifier>
    </Filter>
    <Filter Include="imgui">
      <UniqueIdentifier>{660dd52f-7f9f-47e2-b11c-ea5f4885ab9a}</UniqueIdentifier>
    </Filter>
    <Filter Include="Shaders">
      <UniqueIdentifier>{4b0b3e16-bbc2-4601-8f45-a12ae546a22c}</UniqueIdentifier>
    </Filter>
  </ItemGroup>
</Project>